
Microsoft Visual Studio Solution File, Format Version 12.00
# Visual Studio Version 16
VisualStudioVersion = 16.0.30011.22
MinimumVisualStudioVersion = 10.0.40219.1
Project("{E24C65DC-7377-472B-9ABA-BC803B73C61A}") = "FireInspections", "FireInspections\", "{88E76FC1-C5F9-4E6E-8D56-9B92253C8B14}"
	ProjectSection(WebsiteProperties) = preProject
		TargetFrameworkMoniker = ".NETFramework,Version%3Dv4.5"
		Debug.AspNetCompiler.VirtualPath = "/localhost_51333"
		Debug.AspNetCompiler.PhysicalPath = "FireInspections\"
		Debug.AspNetCompiler.TargetPath = "PrecompiledWeb\localhost_51333\"
		Debug.AspNetCompiler.Updateable = "true"
		Debug.AspNetCompiler.ForceOverwrite = "true"
		Debug.AspNetCompiler.FixedNames = "false"
		Debug.AspNetCompiler.Debug = "True"
		Release.AspNetCompiler.VirtualPath = "/localhost_51333"
		Release.AspNetCompiler.PhysicalPath = "FireInspections\"
		Release.AspNetCompiler.TargetPath = "PrecompiledWeb\localhost_51333\"
		Release.AspNetCompiler.Updateable = "true"
		Release.AspNetCompiler.ForceOverwrite = "true"
		Release.AspNetCompiler.FixedNames = "false"
		Release.AspNetCompiler.Debug = "False"
		VWDPort = "51333"
		SlnRelativePath = "FireInspections\"
	EndProjectSection
EndProject
Global
	GlobalSection(SolutionConfigurationPlatforms) = preSolution
		Debug|Any CPU = Debug|Any CPU
	EndGlobalSection
	GlobalSection(ProjectConfigurationPlatforms) = postSolution
		{88E76FC1-C5F9-4E6E-8D56-9B92253C8B14}.Debug|Any CPU.ActiveCfg = Debug|Any CPU
		{88E76FC1-C5F9-4E6E-8D56-9B92253C8B14}.Debug|Any CPU.Build.0 = Debug|Any CPU
	EndGlobalSection
	GlobalSection(SolutionProperties) = preSolution
		HideSolutionNode = FALSE
	EndGlobalSection
	GlobalSection(ExtensibilityGlobals) = postSolution
		SolutionGuid = {3F9FF8D8-5A8D-4E55-8607-B2A1972A8F58}
	EndGlobalSection
EndGlobal
